
Microsoft Visual Studio Solution File, Format Version 12.00
# Visual Studio 15
VisualStudioVersion = 15.0.28307.1000
MinimumVisualStudioVersion = 10.0.40219.1
Project("{FAE04EC0-301F-11D3-BF4B-00C04F79EFBC}") = "AGDFiteness4", "AGDFiteness4\AGDFiteness4.csproj", "{6E9EF5B2-67A3-4D1C-80D1-D1822B4854E8}"
EndProject
Global
	GlobalSection(SolutionConfigurationPlatforms) = preSolution
		Debug|Any CPU = Debug|Any CPU
		Release|Any CPU = Release|Any CPU
	EndGlobalSection
	GlobalSection(ProjectConfigurationPlatforms) = postSolution
		{6E9EF5B2-67A3-4D1C-80D1-D1822B4854E8}.Debug|Any CPU.ActiveCfg = Debug|Any CPU
		{6E9EF5B2-67A3-4D1C-80D1-D1822B4854E8}.Debug|Any CPU.Build.0 = Debug|Any CPU
		{6E9EF5B2-67A3-4D1C-80D1-D1822B4854E8}.Release|Any CPU.ActiveCfg = Release|Any CPU
		{6E9EF5B2-67A3-4D1C-80D1-D1822B4854E8}.Release|Any CPU.Build.0 = Release|Any CPU
	EndGlobalSection
	GlobalSection(SolutionProperties) = preSolution
		HideSolutionNode = FALSE
	EndGlobalSection
	GlobalSection(ExtensibilityGlobals) = postSolution
		SolutionGuid = {39376B74-7303-4597-96C7-A32E6281AA58}
	EndGlobalSection
EndGlobal
